
Microsoft Visual Studio Solution File, Format Version 12.00
# Visual Studio Version 16
VisualStudioVersion = 16.0.32901.82
MinimumVisualStudioVersion = 10.0.40219.1
Project("{FAE04EC0-301F-11D3-BF4B-00C04F79EFBC}") = "TranDucTai_2090694906_BigSchool", "TranDucTai_2090694906_BigSchool\TranDucTai_2090694906_BigSchool.csproj", "{0122B924-5BD3-43B2-A186-753FE7A8DF9B}"
EndProject
Global
	GlobalSection(SolutionConfigurationPlatforms) = preSolution
		Debug|Any CPU = Debug|Any CPU
		Release|Any CPU = Release|Any CPU
	EndGlobalSection
	GlobalSection(ProjectConfigurationPlatforms) = postSolution
		{0122B924-5BD3-43B2-A186-753FE7A8DF9B}.Debug|Any CPU.ActiveCfg = Debug|Any CPU
		{0122B924-5BD3-43B2-A186-753FE7A8DF9B}.Debug|Any CPU.Build.0 = Debug|Any CPU
		{0122B924-5BD3-43B2-A186-753FE7A8DF9B}.Release|Any CPU.ActiveCfg = Release|Any CPU
		{0122B924-5BD3-43B2-A186-753FE7A8DF9B}.Release|Any CPU.Build.0 = Release|Any CPU
	EndGlobalSection
	GlobalSection(SolutionProperties) = preSolution
		HideSolutionNode = FALSE
	EndGlobalSection
	GlobalSection(ExtensibilityGlobals) = postSolution
		SolutionGuid = {A69F8677-F0C9-462D-BD9A-F4D09F5A78B1}
	EndGlobalSection
EndGlobal
